
Microsoft Visual Studio Solution File, Format Version 12.00
Project("{FAE04EC0-301F-11D3-BF4B-00C04F79EFBC}") = "HandsOn.Algorithms.ArraysAndStrings", "HandsOn.Algorithms.ArraysAndStrings\HandsOn.Algorithms.ArraysAndStrings.csproj", "{0D5C93A6-50E9-46E4-B017-34B44649FA01}"
EndProject
Global
	GlobalSection(SolutionConfigurationPlatforms) = preSolution
		Debug|Any CPU = Debug|Any CPU
		Release|Any CPU = Release|Any CPU
	EndGlobalSection
	GlobalSection(ProjectConfigurationPlatforms) = postSolution
		{0D5C93A6-50E9-46E4-B017-34B44649FA01}.Debug|Any CPU.ActiveCfg = Debug|Any CPU
		{0D5C93A6-50E9-46E4-B017-34B44649FA01}.Debug|Any CPU.Build.0 = Debug|Any CPU
		{0D5C93A6-50E9-46E4-B017-34B44649FA01}.Release|Any CPU.ActiveCfg = Release|Any CPU
		{0D5C93A6-50E9-46E4-B017-34B44649FA01}.Release|Any CPU.Build.0 = Release|Any CPU
	EndGlobalSection
EndGlobal
